
Microsoft Visual Studio Solution File, Format Version 12.00
# Visual Studio Version 16
VisualStudioVersion = 16.0.31605.320
MinimumVisualStudioVersion = 10.0.40219.1
Project("{FAE04EC0-301F-11D3-BF4B-00C04F79EFBC}") = "NoSwingLossCounter", "NoSwingLossCounter\NoSwingLossCounter.csproj", "{B2E77910-CFF2-4426-983F-98301F6FAAB4}"
EndProject
Global
	GlobalSection(SolutionConfigurationPlatforms) = preSolution
		Debug|Any CPU = Debug|Any CPU
		Release|Any CPU = Release|Any CPU
	EndGlobalSection
	GlobalSection(ProjectConfigurationPlatforms) = postSolution
		{B2E77910-CFF2-4426-983F-98301F6FAAB4}.Debug|Any CPU.ActiveCfg = Debug|Any CPU
		{B2E77910-CFF2-4426-983F-98301F6FAAB4}.Debug|Any CPU.Build.0 = Debug|Any CPU
		{B2E77910-CFF2-4426-983F-98301F6FAAB4}.Release|Any CPU.ActiveCfg = Release|Any CPU
		{B2E77910-CFF2-4426-983F-98301F6FAAB4}.Release|Any CPU.Build.0 = Release|Any CPU
	EndGlobalSection
	GlobalSection(SolutionProperties) = preSolution
		HideSolutionNode = FALSE
	EndGlobalSection
	GlobalSection(ExtensibilityGlobals) = postSolution
		SolutionGuid = {F1220EA1-E18A-4502-AA31-B70AD430C36C}
	EndGlobalSection
EndGlobal
